
Microsoft Visual Studio Solution File, Format Version 12.00
Project("{FAE04EC0-301F-11D3-BF4B-00C04F79EFBC}") = "url-shortener.api", "url-shortener.api\url-shortener.api.csproj", "{68F48243-2E24-430A-A49A-EC136F6A9821}"
EndProject
Global
	GlobalSection(SolutionConfigurationPlatforms) = preSolution
		Debug|Any CPU = Debug|Any CPU
		Release|Any CPU = Release|Any CPU
	EndGlobalSection
	GlobalSection(ProjectConfigurationPlatforms) = postSolution
		{68F48243-2E24-430A-A49A-EC136F6A9821}.Debug|Any CPU.ActiveCfg = Debug|Any CPU
		{68F48243-2E24-430A-A49A-EC136F6A9821}.Debug|Any CPU.Build.0 = Debug|Any CPU
		{68F48243-2E24-430A-A49A-EC136F6A9821}.Release|Any CPU.ActiveCfg = Release|Any CPU
		{68F48243-2E24-430A-A49A-EC136F6A9821}.Release|Any CPU.Build.0 = Release|Any CPU
	EndGlobalSection
EndGlobal
